
Microsoft Visual Studio Solution File, Format Version 12.00
# Visual Studio Version 17
VisualStudioVersion = 17.11.35312.102
MinimumVisualStudioVersion = 10.0.40219.1
Project("{FAE04EC0-301F-11D3-BF4B-00C04F79EFBC}") = "Pract03.05", "Pract03.05\Pract03.05.csproj", "{ED890DB4-E99B-4B4A-87DA-F2FC86684E1F}"
EndProject
Global
	GlobalSection(SolutionConfigurationPlatforms) = preSolution
		Debug|Any CPU = Debug|Any CPU
		Release|Any CPU = Release|Any CPU
	EndGlobalSection
	GlobalSection(ProjectConfigurationPlatforms) = postSolution
		{ED890DB4-E99B-4B4A-87DA-F2FC86684E1F}.Debug|Any CPU.ActiveCfg = Debug|Any CPU
		{ED890DB4-E99B-4B4A-87DA-F2FC86684E1F}.Debug|Any CPU.Build.0 = Debug|Any CPU
		{ED890DB4-E99B-4B4A-87DA-F2FC86684E1F}.Release|Any CPU.ActiveCfg = Release|Any CPU
		{ED890DB4-E99B-4B4A-87DA-F2FC86684E1F}.Release|Any CPU.Build.0 = Release|Any CPU
	EndGlobalSection
	GlobalSection(SolutionProperties) = preSolution
		HideSolutionNode = FALSE
	EndGlobalSection
	GlobalSection(ExtensibilityGlobals) = postSolution
		SolutionGuid = {C10342EE-CFAD-45B4-8248-81DE6A46D126}
	EndGlobalSection
EndGlobal
